
Microsoft Visual Studio Solution File, Format Version 12.00
# Visual Studio Version 17
VisualStudioVersion = 17.6.33829.357
MinimumVisualStudioVersion = 10.0.40219.1
Project("{FAE04EC0-301F-11D3-BF4B-00C04F79EFBC}") = "OGP", "ClassLibrary1\OGP.csproj", "{BA9AB7E4-95BE-4A0B-85A5-45D183F57291}"
EndProject
Project("{FAE04EC0-301F-11D3-BF4B-00C04F79EFBC}") = "OGP.Tests", "OGP.Tests\OGP.Tests.csproj", "{89B8220A-DBD4-40D3-8795-4661041C9170}"
EndProject
Global
	GlobalSection(SolutionConfigurationPlatforms) = preSolution
		Debug|Any CPU = Debug|Any CPU
		Release|Any CPU = Release|Any CPU
	EndGlobalSection
	GlobalSection(ProjectConfigurationPlatforms) = postSolution
		{BA9AB7E4-95BE-4A0B-85A5-45D183F57291}.Debug|Any CPU.ActiveCfg = Debug|Any CPU
		{BA9AB7E4-95BE-4A0B-85A5-45D183F57291}.Debug|Any CPU.Build.0 = Debug|Any CPU
		{BA9AB7E4-95BE-4A0B-85A5-45D183F57291}.Release|Any CPU.ActiveCfg = Release|Any CPU
		{BA9AB7E4-95BE-4A0B-85A5-45D183F57291}.Release|Any CPU.Build.0 = Release|Any CPU
		{89B8220A-DBD4-40D3-8795-4661041C9170}.Debug|Any CPU.ActiveCfg = Debug|Any CPU
		{89B8220A-DBD4-40D3-8795-4661041C9170}.Debug|Any CPU.Build.0 = Debug|Any CPU
		{89B8220A-DBD4-40D3-8795-4661041C9170}.Release|Any CPU.ActiveCfg = Release|Any CPU
		{89B8220A-DBD4-40D3-8795-4661041C9170}.Release|Any CPU.Build.0 = Release|Any CPU
	EndGlobalSection
	GlobalSection(SolutionProperties) = preSolution
		HideSolutionNode = FALSE
	EndGlobalSection
	GlobalSection(ExtensibilityGlobals) = postSolution
		SolutionGuid = {10D23B58-CA61-4199-8777-ECE015BA5F21}
	EndGlobalSection
EndGlobal
